<?xml version="1.0" encoding="utf-8"?>
<Project ToolsVersion="4.0" xmlns="http://schemas.microsoft.com/developer/msbuild/2003">
  <ItemGroup>
    <Filter Include="Source Files">
      <UniqueIdentifier>{4FC737F1-C7A5-4376-A066-2A32D752A2FF}</UniqueIdentifier>
      <Extensions>cpp;c;cc;cxx;def;odl;idl;hpj;bat;asm;asmx</Extensions>
    </Filter>
    <Filter Include="Header Files">
      <UniqueIdentifier>{93995380-89BD-4b04-88EB-625FBE52EBFB}</UniqueIdentifier>
      <Extensions>h;hh;hpp;hxx;hm;inl;inc;xsd</Extensions>
    </Filter>
    <Filter Include="Resource Files">
      <UniqueIdentifier>{67DA6AB6-F800-4c08-8B7A-83BB121AAD01}</UniqueIdentifier>
      <Extensions>rc;ico;cur;bmp;dlg;rc2;rct;bin;rgs;gif;jpg;jpeg;jpe;resx;tiff;tif;png;wav</Extensions>
    </Filter>
  </ItemGroup>
  <ItemGroup>
    <ClCompile Include="src\AudioBeatMain.cpp">
      <Filter>Source Files</Filter>
    </ClCompile>
    <ClCompile Include="src\include\Gist.cpp">
      <Filter>Source Files</Filter>
    </ClCompile>
    <ClCompile Include="src\include\kiss_fft.c">
      <Filter>Source Files</Filter>
    </ClCompile>
    <ClCompile Include="src\include\core\CoreFrequencyDomainFeatures.cpp">
      <Filter>Source Files</Filter>
    </ClCompile>
    <ClCompile Include="src\include\core\CoreTimeDomainFeatures.cpp">
      <Filter>Source Files</Filter>
    </ClCompile>
    <ClCompile Include="src\include\fft\WindowFunctions.cpp">
      <Filter>Source Files</Filter>
    </ClCompile>
    <ClCompile Include="src\include\mfcc\MFCC.cpp">
      <Filter>Source Files</Filter>
    </ClCompile>
    <ClCompile Include="src\include\onset-detection-functions\OnsetDetectionFunction.cpp">
      <Filter>Source Files</Filter>
    </ClCompile>
    <ClCompile Include="src\include\pitch\Yin.cpp">
      <Filter>Source Files</Filter>
    </ClCompile>
  </ItemGroup>
  <ItemGroup>
    <None Include=".gitignore" />
  </ItemGroup>
  <ItemGroup>
    <ClInclude Include="src\include\AudioBeatMain.h">
      <Filter>Header Files</Filter>
    </ClInclude>
    <ClInclude Include="src\include\AudioFile.h">
      <Filter>Header Files</Filter>
    </ClInclude>
    <ClInclude Include="src\include\Gist.h">
      <Filter>Header Files</Filter>
    </ClInclude>
    <ClInclude Include="src\include\kiss_fft.h">
      <Filter>Header Files</Filter>
    </ClInclude>
    <ClInclude Include="src\include\pa_asio.h">
      <Filter>Header Files</Filter>
    </ClInclude>
    <ClInclude Include="src\include\pa_jack.h">
      <Filter>Header Files</Filter>
    </ClInclude>
    <ClInclude Include="src\include\pa_linux_alsa.h">
      <Filter>Header Files</Filter>
    </ClInclude>
    <ClInclude Include="src\include\pa_mac_core.h">
      <Filter>Header Files</Filter>
    </ClInclude>
    <ClInclude Include="src\include\pa_win_ds.h">
      <Filter>Header Files</Filter>
    </ClInclude>
    <ClInclude Include="src\include\pa_win_wasapi.h">
      <Filter>Header Files</Filter>
    </ClInclude>
    <ClInclude Include="src\include\pa_win_waveformat.h">
      <Filter>Header Files</Filter>
    </ClInclude>
    <ClInclude Include="src\include\pa_win_wdmks.h">
      <Filter>Header Files</Filter>
    </ClInclude>
    <ClInclude Include="src\include\pa_win_wmme.h">
      <Filter>Header Files</Filter>
    </ClInclude>
    <ClInclude Include="src\include\portaudio.h">
      <Filter>Header Files</Filter>
    </ClInclude>
    <ClInclude Include="src\include\_kiss_fft_guts.h">
      <Filter>Header Files</Filter>
    </ClInclude>
    <ClInclude Include="src\include\kissfft.hh">
      <Filter>Header Files</Filter>
    </ClInclude>
    <ClInclude Include="src\include\core\CoreFrequencyDomainFeatures.h">
      <Filter>Header Files</Filter>
    </ClInclude>
    <ClInclude Include="src\include\core\CoreTimeDomainFeatures.h">
      <Filter>Header Files</Filter>
    </ClInclude>
    <ClInclude Include="src\include\fft\WindowFunctions.h">
      <Filter>Header Files</Filter>
    </ClInclude>
    <ClInclude Include="src\include\mfcc\MFCC.h">
      <Filter>Header Files</Filter>
    </ClInclude>
    <ClInclude Include="src\include\onset-detection-functions\OnsetDetectionFunction.h">
      <Filter>Header Files</Filter>
    </ClInclude>
    <ClInclude Include="src\include\pitch\Yin.h">
      <Filter>Header Files</Filter>
    </ClInclude>
  </ItemGroup>
</Project>