<?xml version="1.0" encoding="utf-8"?>
<Project ToolsVersion="4.0" xmlns="http://schemas.microsoft.com/developer/msbuild/2003">
  <ItemGroup>
    <Filter Include="Source Files">
      <UniqueIdentifier>{4FC737F1-C7A5-4376-A066-2A32D752A2FF}</UniqueIdentifier>
      <Extensions>cpp;c;cc;cxx;def;odl;idl;hpj;bat;asm;asmx</Extensions>
    </Filter>
    <Filter Include="Header Files">
      <UniqueIdentifier>{93995380-89BD-4b04-88EB-625FBE52EBFB}</UniqueIdentifier>
      <Extensions>h;hh;hpp;hxx;hm;inl;inc;xsd</Extensions>
    </Filter>
    <Filter Include="Resource Files">
      <UniqueIdentifier>{67DA6AB6-F800-4c08-8B7A-83BB121AAD01}</UniqueIdentifier>
      <Extensions>rc;ico;cur;bmp;dlg;rc2;rct;bin;rgs;gif;jpg;jpeg;jpe;resx;tiff;tif;png;wav</Extensions>
    </Filter>
  </ItemGroup>
  <ItemGroup>
    <ClCompile Include="src\include\core\CoreFrequencyDomainFeatures.cpp">
      <Filter>Source Files</Filter>
    </ClCompile>
    <ClCompile Include="src\include\core\CoreTimeDomainFeatures.cpp">
      <Filter>Source Files</Filter>
    </ClCompile>
    <ClCompile Include="src\include\fft\WindowFunctions.cpp">
      <Filter>Source Files</Filter>
    </ClCompile>
    <ClCompile Include="src\include\mfcc\MFCC.cpp">
      <Filter>Source Files</Filter>
    </ClCompile>
    <ClCompile Include="src\include\onset-detection-functions\OnsetDetectionFunction.cpp">
      <Filter>Source Files</Filter>
    </ClCompile>
    <ClCompile Include="src\include\pitch\Yin.cpp">
      <Filter>Source Files</Filter>
    </ClCompile>
    <ClCompile Include="src\include\AudioBeatGen\AudioBeatGen.cpp">
      <Filter>Source Files</Filter>
    </ClCompile>
    <ClCompile Include="src\include\Gist\Gist.cpp">
      <Filter>Source Files</Filter>
    </ClCompile>
    <ClCompile Include="src\include\fft\kiss_fft.c">
      <Filter>Source Files</Filter>
    </ClCompile>
    <ClCompile Include="src\include\TaskScheduler\TaskScheduler.cpp">
      <Filter>Source Files</Filter>
    </ClCompile>
    <ClCompile Include="src\include\AudioBeatSDL\AudioBeatGame.cpp">
      <Filter>Source Files</Filter>
    </ClCompile>
    <ClCompile Include="src\OnBeat.cpp">
      <Filter>Source Files</Filter>
    </ClCompile>
    <ClCompile Include="src\include\RmlUi\SDL2Integration\RenderInterfaceSDL2.cpp">
      <Filter>Source Files</Filter>
    </ClCompile>
    <ClCompile Include="src\include\RmlUi\SDL2Integration\SystemInterfaceSDL2.cpp">
      <Filter>Source Files</Filter>
    </ClCompile>
    <ClCompile Include="src\include\shell\win32\InputWin32.cpp">
      <Filter>Source Files</Filter>
    </ClCompile>
    <ClCompile Include="src\include\shell\win32\ShellRenderInterfaceExtensionsOpenGL_Win32.cpp">
      <Filter>Source Files</Filter>
    </ClCompile>
    <ClCompile Include="src\include\shell\win32\ShellWin32.cpp">
      <Filter>Source Files</Filter>
    </ClCompile>
    <ClCompile Include="src\include\shell\Input.cpp">
      <Filter>Source Files</Filter>
    </ClCompile>
    <ClCompile Include="src\include\shell\Shell.cpp">
      <Filter>Source Files</Filter>
    </ClCompile>
    <ClCompile Include="src\include\shell\ShellFileInterface.cpp">
      <Filter>Source Files</Filter>
    </ClCompile>
    <ClCompile Include="src\include\shell\ShellRenderInterfaceOpenGL.cpp">
      <Filter>Source Files</Filter>
    </ClCompile>
    <ClCompile Include="src\include\shell\ShellSystemInterface.cpp">
      <Filter>Source Files</Filter>
    </ClCompile>
  </ItemGroup>
  <ItemGroup>
    <None Include=".gitignore" />
    <None Include="logo\logo.psd" />
    <None Include="logo\Logo-Small.psd" />
    <None Include="src\include\RmlUi\Core\Lua\LuaType.inl">
      <Filter>Header Files</Filter>
    </None>
    <None Include="src\include\RmlUi\Core\Colour.inl">
      <Filter>Header Files</Filter>
    </None>
    <None Include="src\include\RmlUi\Core\Element.inl">
      <Filter>Header Files</Filter>
    </None>
    <None Include="src\include\RmlUi\Core\Matrix4.inl">
      <Filter>Header Files</Filter>
    </None>
    <None Include="src\include\RmlUi\Core\TypeConverter.inl">
      <Filter>Header Files</Filter>
    </None>
    <None Include="src\include\RmlUi\Core\Variant.inl">
      <Filter>Header Files</Filter>
    </None>
    <None Include="src\include\RmlUi\Core\Vector2.inl">
      <Filter>Header Files</Filter>
    </None>
    <None Include="src\include\RmlUi\Core\Vector3.inl">
      <Filter>Header Files</Filter>
    </None>
    <None Include="src\include\RmlUi\Core\Vector4.inl">
      <Filter>Header Files</Filter>
    </None>
    <None Include="assets\rml\MainMenu\core.rml" />
    <None Include="assets\rml\MainMenu\core.rcss" />
    <None Include="assets\img\bgTest.psd" />
    <None Include="runtime\fmodL.dll" />
    <None Include="runtime\fmod.dll" />
    <None Include="runtime\gainput-d.dll" />
    <None Include="runtime\freetype.dll" />
    <None Include="runtime\glew32.dll" />
    <None Include="runtime\libfreetype-6.dll" />
    <None Include="runtime\libjpeg-9.dll" />
    <None Include="runtime\libpng16-16.dll" />
    <None Include="runtime\libtiff-5.dll" />
    <None Include="runtime\libwebp-7.dll" />
    <None Include="runtime\RmlControls.dll" />
    <None Include="runtime\RmlCore.dll" />
    <None Include="runtime\RmlDebugger.dll" />
    <None Include="runtime\SDL2.dll" />
    <None Include="runtime\SDL2_image.dll" />
    <None Include="runtime\SDL2_ttf.dll" />
    <None Include="runtime\zlib1.dll" />
    <None Include="assets\rml\BeatScene\core.rml" />
    <None Include="assets\rml\BeatScene\BeatScene.rcss" />
    <None Include="assets\rml\MainMenu\MainMenu.rcss" />
  </ItemGroup>
  <ItemGroup>
    <ClInclude Include="src\include\core\CoreFrequencyDomainFeatures.h">
      <Filter>Header Files</Filter>
    </ClInclude>
    <ClInclude Include="src\include\core\CoreTimeDomainFeatures.h">
      <Filter>Header Files</Filter>
    </ClInclude>
    <ClInclude Include="src\include\fft\WindowFunctions.h">
      <Filter>Header Files</Filter>
    </ClInclude>
    <ClInclude Include="src\include\mfcc\MFCC.h">
      <Filter>Header Files</Filter>
    </ClInclude>
    <ClInclude Include="src\include\onset-detection-functions\OnsetDetectionFunction.h">
      <Filter>Header Files</Filter>
    </ClInclude>
    <ClInclude Include="src\include\pitch\Yin.h">
      <Filter>Header Files</Filter>
    </ClInclude>
    <ClInclude Include="src\include\SDL2\begin_code.h">
      <Filter>Header Files</Filter>
    </ClInclude>
    <ClInclude Include="src\include\SDL2\close_code.h">
      <Filter>Header Files</Filter>
    </ClInclude>
    <ClInclude Include="src\include\SDL2\SDL.h">
      <Filter>Header Files</Filter>
    </ClInclude>
    <ClInclude Include="src\include\SDL2\SDL_assert.h">
      <Filter>Header Files</Filter>
    </ClInclude>
    <ClInclude Include="src\include\SDL2\SDL_atomic.h">
      <Filter>Header Files</Filter>
    </ClInclude>
    <ClInclude Include="src\include\SDL2\SDL_audio.h">
      <Filter>Header Files</Filter>
    </ClInclude>
    <ClInclude Include="src\include\SDL2\SDL_bits.h">
      <Filter>Header Files</Filter>
    </ClInclude>
    <ClInclude Include="src\include\SDL2\SDL_blendmode.h">
      <Filter>Header Files</Filter>
    </ClInclude>
    <ClInclude Include="src\include\SDL2\SDL_clipboard.h">
      <Filter>Header Files</Filter>
    </ClInclude>
    <ClInclude Include="src\include\SDL2\SDL_config.h">
      <Filter>Header Files</Filter>
    </ClInclude>
    <ClInclude Include="src\include\SDL2\SDL_config_android.h">
      <Filter>Header Files</Filter>
    </ClInclude>
    <ClInclude Include="src\include\SDL2\SDL_config_iphoneos.h">
      <Filter>Header Files</Filter>
    </ClInclude>
    <ClInclude Include="src\include\SDL2\SDL_config_macosx.h">
      <Filter>Header Files</Filter>
    </ClInclude>
    <ClInclude Include="src\include\SDL2\SDL_config_minimal.h">
      <Filter>Header Files</Filter>
    </ClInclude>
    <ClInclude Include="src\include\SDL2\SDL_config_pandora.h">
      <Filter>Header Files</Filter>
    </ClInclude>
    <ClInclude Include="src\include\SDL2\SDL_config_psp.h">
      <Filter>Header Files</Filter>
    </ClInclude>
    <ClInclude Include="src\include\SDL2\SDL_config_windows.h">
      <Filter>Header Files</Filter>
    </ClInclude>
    <ClInclude Include="src\include\SDL2\SDL_config_winrt.h">
      <Filter>Header Files</Filter>
    </ClInclude>
    <ClInclude Include="src\include\SDL2\SDL_config_wiz.h">
      <Filter>Header Files</Filter>
    </ClInclude>
    <ClInclude Include="src\include\SDL2\SDL_copying.h">
      <Filter>Header Files</Filter>
    </ClInclude>
    <ClInclude Include="src\include\SDL2\SDL_cpuinfo.h">
      <Filter>Header Files</Filter>
    </ClInclude>
    <ClInclude Include="src\include\SDL2\SDL_egl.h">
      <Filter>Header Files</Filter>
    </ClInclude>
    <ClInclude Include="src\include\SDL2\SDL_endian.h">
      <Filter>Header Files</Filter>
    </ClInclude>
    <ClInclude Include="src\include\SDL2\SDL_error.h">
      <Filter>Header Files</Filter>
    </ClInclude>
    <ClInclude Include="src\include\SDL2\SDL_events.h">
      <Filter>Header Files</Filter>
    </ClInclude>
    <ClInclude Include="src\include\SDL2\SDL_filesystem.h">
      <Filter>Header Files</Filter>
    </ClInclude>
    <ClInclude Include="src\include\SDL2\SDL_gamecontroller.h">
      <Filter>Header Files</Filter>
    </ClInclude>
    <ClInclude Include="src\include\SDL2\SDL_gesture.h">
      <Filter>Header Files</Filter>
    </ClInclude>
    <ClInclude Include="src\include\SDL2\SDL_haptic.h">
      <Filter>Header Files</Filter>
    </ClInclude>
    <ClInclude Include="src\include\SDL2\SDL_hints.h">
      <Filter>Header Files</Filter>
    </ClInclude>
    <ClInclude Include="src\include\SDL2\SDL_joystick.h">
      <Filter>Header Files</Filter>
    </ClInclude>
    <ClInclude Include="src\include\SDL2\SDL_keyboard.h">
      <Filter>Header Files</Filter>
    </ClInclude>
    <ClInclude Include="src\include\SDL2\SDL_keycode.h">
      <Filter>Header Files</Filter>
    </ClInclude>
    <ClInclude Include="src\include\SDL2\SDL_loadso.h">
      <Filter>Header Files</Filter>
    </ClInclude>
    <ClInclude Include="src\include\SDL2\SDL_log.h">
      <Filter>Header Files</Filter>
    </ClInclude>
    <ClInclude Include="src\include\SDL2\SDL_main.h">
      <Filter>Header Files</Filter>
    </ClInclude>
    <ClInclude Include="src\include\SDL2\SDL_messagebox.h">
      <Filter>Header Files</Filter>
    </ClInclude>
    <ClInclude Include="src\include\SDL2\SDL_metal.h">
      <Filter>Header Files</Filter>
    </ClInclude>
    <ClInclude Include="src\include\SDL2\SDL_mouse.h">
      <Filter>Header Files</Filter>
    </ClInclude>
    <ClInclude Include="src\include\SDL2\SDL_mutex.h">
      <Filter>Header Files</Filter>
    </ClInclude>
    <ClInclude Include="src\include\SDL2\SDL_name.h">
      <Filter>Header Files</Filter>
    </ClInclude>
    <ClInclude Include="src\include\SDL2\SDL_opengl.h">
      <Filter>Header Files</Filter>
    </ClInclude>
    <ClInclude Include="src\include\SDL2\SDL_opengles.h">
      <Filter>Header Files</Filter>
    </ClInclude>
    <ClInclude Include="src\include\SDL2\SDL_opengles2.h">
      <Filter>Header Files</Filter>
    </ClInclude>
    <ClInclude Include="src\include\SDL2\SDL_opengles2_gl2.h">
      <Filter>Header Files</Filter>
    </ClInclude>
    <ClInclude Include="src\include\SDL2\SDL_opengles2_gl2ext.h">
      <Filter>Header Files</Filter>
    </ClInclude>
    <ClInclude Include="src\include\SDL2\SDL_opengles2_gl2platform.h">
      <Filter>Header Files</Filter>
    </ClInclude>
    <ClInclude Include="src\include\SDL2\SDL_opengles2_khrplatform.h">
      <Filter>Header Files</Filter>
    </ClInclude>
    <ClInclude Include="src\include\SDL2\SDL_opengl_glext.h">
      <Filter>Header Files</Filter>
    </ClInclude>
    <ClInclude Include="src\include\SDL2\SDL_pixels.h">
      <Filter>Header Files</Filter>
    </ClInclude>
    <ClInclude Include="src\include\SDL2\SDL_platform.h">
      <Filter>Header Files</Filter>
    </ClInclude>
    <ClInclude Include="src\include\SDL2\SDL_power.h">
      <Filter>Header Files</Filter>
    </ClInclude>
    <ClInclude Include="src\include\SDL2\SDL_quit.h">
      <Filter>Header Files</Filter>
    </ClInclude>
    <ClInclude Include="src\include\SDL2\SDL_rect.h">
      <Filter>Header Files</Filter>
    </ClInclude>
    <ClInclude Include="src\include\SDL2\SDL_render.h">
      <Filter>Header Files</Filter>
    </ClInclude>
    <ClInclude Include="src\include\SDL2\SDL_revision.h">
      <Filter>Header Files</Filter>
    </ClInclude>
    <ClInclude Include="src\include\SDL2\SDL_rwops.h">
      <Filter>Header Files</Filter>
    </ClInclude>
    <ClInclude Include="src\include\SDL2\SDL_scancode.h">
      <Filter>Header Files</Filter>
    </ClInclude>
    <ClInclude Include="src\include\SDL2\SDL_sensor.h">
      <Filter>Header Files</Filter>
    </ClInclude>
    <ClInclude Include="src\include\SDL2\SDL_shape.h">
      <Filter>Header Files</Filter>
    </ClInclude>
    <ClInclude Include="src\include\SDL2\SDL_stdinc.h">
      <Filter>Header Files</Filter>
    </ClInclude>
    <ClInclude Include="src\include\SDL2\SDL_surface.h">
      <Filter>Header Files</Filter>
    </ClInclude>
    <ClInclude Include="src\include\SDL2\SDL_system.h">
      <Filter>Header Files</Filter>
    </ClInclude>
    <ClInclude Include="src\include\SDL2\SDL_syswm.h">
      <Filter>Header Files</Filter>
    </ClInclude>
    <ClInclude Include="src\include\SDL2\SDL_test.h">
      <Filter>Header Files</Filter>
    </ClInclude>
    <ClInclude Include="src\include\SDL2\SDL_test_assert.h">
      <Filter>Header Files</Filter>
    </ClInclude>
    <ClInclude Include="src\include\SDL2\SDL_test_common.h">
      <Filter>Header Files</Filter>
    </ClInclude>
    <ClInclude Include="src\include\SDL2\SDL_test_compare.h">
      <Filter>Header Files</Filter>
    </ClInclude>
    <ClInclude Include="src\include\SDL2\SDL_test_crc32.h">
      <Filter>Header Files</Filter>
    </ClInclude>
    <ClInclude Include="src\include\SDL2\SDL_test_font.h">
      <Filter>Header Files</Filter>
    </ClInclude>
    <ClInclude Include="src\include\SDL2\SDL_test_fuzzer.h">
      <Filter>Header Files</Filter>
    </ClInclude>
    <ClInclude Include="src\include\SDL2\SDL_test_harness.h">
      <Filter>Header Files</Filter>
    </ClInclude>
    <ClInclude Include="src\include\SDL2\SDL_test_images.h">
      <Filter>Header Files</Filter>
    </ClInclude>
    <ClInclude Include="src\include\SDL2\SDL_test_log.h">
      <Filter>Header Files</Filter>
    </ClInclude>
    <ClInclude Include="src\include\SDL2\SDL_test_md5.h">
      <Filter>Header Files</Filter>
    </ClInclude>
    <ClInclude Include="src\include\SDL2\SDL_test_memory.h">
      <Filter>Header Files</Filter>
    </ClInclude>
    <ClInclude Include="src\include\SDL2\SDL_test_random.h">
      <Filter>Header Files</Filter>
    </ClInclude>
    <ClInclude Include="src\include\SDL2\SDL_thread.h">
      <Filter>Header Files</Filter>
    </ClInclude>
    <ClInclude Include="src\include\SDL2\SDL_timer.h">
      <Filter>Header Files</Filter>
    </ClInclude>
    <ClInclude Include="src\include\SDL2\SDL_touch.h">
      <Filter>Header Files</Filter>
    </ClInclude>
    <ClInclude Include="src\include\SDL2\SDL_types.h">
      <Filter>Header Files</Filter>
    </ClInclude>
    <ClInclude Include="src\include\SDL2\SDL_version.h">
      <Filter>Header Files</Filter>
    </ClInclude>
    <ClInclude Include="src\include\SDL2\SDL_video.h">
      <Filter>Header Files</Filter>
    </ClInclude>
    <ClInclude Include="src\include\SDL2\SDL_vulkan.h">
      <Filter>Header Files</Filter>
    </ClInclude>
    <ClInclude Include="src\include\AudioBeatGen\AudioBeatGen.h">
      <Filter>Header Files</Filter>
    </ClInclude>
    <ClInclude Include="src\include\Gist\Gist.h">
      <Filter>Header Files</Filter>
    </ClInclude>
    <ClInclude Include="src\include\Gist\AudioFile.h">
      <Filter>Header Files</Filter>
    </ClInclude>
    <ClInclude Include="src\include\fft\_kiss_fft_guts.h">
      <Filter>Header Files</Filter>
    </ClInclude>
    <ClInclude Include="src\include\fft\kiss_fft.h">
      <Filter>Header Files</Filter>
    </ClInclude>
    <ClInclude Include="src\include\fft\kissfft.hh">
      <Filter>Header Files</Filter>
    </ClInclude>
    <ClInclude Include="src\include\portaudio\pa_asio.h">
      <Filter>Header Files</Filter>
    </ClInclude>
    <ClInclude Include="src\include\portaudio\pa_jack.h">
      <Filter>Header Files</Filter>
    </ClInclude>
    <ClInclude Include="src\include\portaudio\pa_linux_alsa.h">
      <Filter>Header Files</Filter>
    </ClInclude>
    <ClInclude Include="src\include\portaudio\pa_mac_core.h">
      <Filter>Header Files</Filter>
    </ClInclude>
    <ClInclude Include="src\include\portaudio\pa_win_ds.h">
      <Filter>Header Files</Filter>
    </ClInclude>
    <ClInclude Include="src\include\portaudio\pa_win_wasapi.h">
      <Filter>Header Files</Filter>
    </ClInclude>
    <ClInclude Include="src\include\portaudio\pa_win_waveformat.h">
      <Filter>Header Files</Filter>
    </ClInclude>
    <ClInclude Include="src\include\portaudio\pa_win_wdmks.h">
      <Filter>Header Files</Filter>
    </ClInclude>
    <ClInclude Include="src\include\portaudio\pa_win_wmme.h">
      <Filter>Header Files</Filter>
    </ClInclude>
    <ClInclude Include="src\include\portaudio\portaudio.h">
      <Filter>Header Files</Filter>
    </ClInclude>
    <ClInclude Include="src\include\TaskScheduler\TaskScheduler.h">
      <Filter>Header Files</Filter>
    </ClInclude>
    <ClInclude Include="src\include\TaskScheduler\LocklessMultiReadPipe.h">
      <Filter>Header Files</Filter>
    </ClInclude>
    <ClInclude Include="src\include\gainput\gainput.h">
      <Filter>Header Files</Filter>
    </ClInclude>
    <ClInclude Include="src\include\gainput\GainputAllocator.h">
      <Filter>Header Files</Filter>
    </ClInclude>
    <ClInclude Include="src\include\gainput\GainputContainers.h">
      <Filter>Header Files</Filter>
    </ClInclude>
    <ClInclude Include="src\include\gainput\GainputDebugRenderer.h">
      <Filter>Header Files</Filter>
    </ClInclude>
    <ClInclude Include="src\include\gainput\GainputHelpers.h">
      <Filter>Header Files</Filter>
    </ClInclude>
    <ClInclude Include="src\include\gainput\GainputInputDeltaState.h">
      <Filter>Header Files</Filter>
    </ClInclude>
    <ClInclude Include="src\include\gainput\GainputInputDevice.h">
      <Filter>Header Files</Filter>
    </ClInclude>
    <ClInclude Include="src\include\gainput\GainputInputDeviceBuiltIn.h">
      <Filter>Header Files</Filter>
    </ClInclude>
    <ClInclude Include="src\include\gainput\GainputInputDeviceKeyboard.h">
      <Filter>Header Files</Filter>
    </ClInclude>
    <ClInclude Include="src\include\gainput\GainputInputDeviceMouse.h">
      <Filter>Header Files</Filter>
    </ClInclude>
    <ClInclude Include="src\include\gainput\GainputInputDevicePad.h">
      <Filter>Header Files</Filter>
    </ClInclude>
    <ClInclude Include="src\include\gainput\GainputInputDeviceTouch.h">
      <Filter>Header Files</Filter>
    </ClInclude>
    <ClInclude Include="src\include\gainput\GainputInputListener.h">
      <Filter>Header Files</Filter>
    </ClInclude>
    <ClInclude Include="src\include\gainput\GainputInputManager.h">
      <Filter>Header Files</Filter>
    </ClInclude>
    <ClInclude Include="src\include\gainput\GainputInputMap.h">
      <Filter>Header Files</Filter>
    </ClInclude>
    <ClInclude Include="src\include\gainput\GainputInputState.h">
      <Filter>Header Files</Filter>
    </ClInclude>
    <ClInclude Include="src\include\gainput\GainputIos.h">
      <Filter>Header Files</Filter>
    </ClInclude>
    <ClInclude Include="src\include\gainput\GainputLog.h">
      <Filter>Header Files</Filter>
    </ClInclude>
    <ClInclude Include="src\include\gainput\GainputMapFilters.h">
      <Filter>Header Files</Filter>
    </ClInclude>
    <ClInclude Include="src\include\gainput\gestures\GainputButtonStickGesture.h">
      <Filter>Header Files</Filter>
    </ClInclude>
    <ClInclude Include="src\include\gainput\gestures\GainputDoubleClickGesture.h">
      <Filter>Header Files</Filter>
    </ClInclude>
    <ClInclude Include="src\include\gainput\gestures\GainputGestures.h">
      <Filter>Header Files</Filter>
    </ClInclude>
    <ClInclude Include="src\include\gainput\gestures\GainputHoldGesture.h">
      <Filter>Header Files</Filter>
    </ClInclude>
    <ClInclude Include="src\include\gainput\gestures\GainputPinchGesture.h">
      <Filter>Header Files</Filter>
    </ClInclude>
    <ClInclude Include="src\include\gainput\gestures\GainputRotateGesture.h">
      <Filter>Header Files</Filter>
    </ClInclude>
    <ClInclude Include="src\include\gainput\gestures\GainputSimultaneouslyDownGesture.h">
      <Filter>Header Files</Filter>
    </ClInclude>
    <ClInclude Include="src\include\gainput\gestures\GainputTapGesture.h">
      <Filter>Header Files</Filter>
    </ClInclude>
    <ClInclude Include="src\include\gainput\recorder\GainputInputPlayer.h">
      <Filter>Header Files</Filter>
    </ClInclude>
    <ClInclude Include="src\include\gainput\recorder\GainputInputRecorder.h">
      <Filter>Header Files</Filter>
    </ClInclude>
    <ClInclude Include="src\include\gainput\recorder\GainputInputRecording.h">
      <Filter>Header Files</Filter>
    </ClInclude>
    <ClInclude Include="src\include\AudioBeatSDL\AudioBeatGame.h">
      <Filter>Header Files</Filter>
    </ClInclude>
    <ClInclude Include="src\include\FMOD\fmod.h">
      <Filter>Header Files</Filter>
    </ClInclude>
    <ClInclude Include="src\include\FMOD\fmod.hpp">
      <Filter>Header Files</Filter>
    </ClInclude>
    <ClInclude Include="src\include\FMOD\fmod_codec.h">
      <Filter>Header Files</Filter>
    </ClInclude>
    <ClInclude Include="src\include\FMOD\fmod_common.h">
      <Filter>Header Files</Filter>
    </ClInclude>
    <ClInclude Include="src\include\FMOD\fmod_dsp.h">
      <Filter>Header Files</Filter>
    </ClInclude>
    <ClInclude Include="src\include\FMOD\fmod_dsp_effects.h">
      <Filter>Header Files</Filter>
    </ClInclude>
    <ClInclude Include="src\include\FMOD\fmod_errors.h">
      <Filter>Header Files</Filter>
    </ClInclude>
    <ClInclude Include="src\include\FMOD\fmod_output.h">
      <Filter>Header Files</Filter>
    </ClInclude>
    <ClInclude Include="src\include\FMOD\fmod_studio.h">
      <Filter>Header Files</Filter>
    </ClInclude>
    <ClInclude Include="src\include\FMOD\fmod_studio.hpp">
      <Filter>Header Files</Filter>
    </ClInclude>
    <ClInclude Include="src\include\FMOD\fmod_studio_common.h">
      <Filter>Header Files</Filter>
    </ClInclude>
    <ClInclude Include="resource.h">
      <Filter>Header Files</Filter>
    </ClInclude>
    <ClInclude Include="src\include\GL\eglew.h">
      <Filter>Header Files</Filter>
    </ClInclude>
    <ClInclude Include="src\include\GL\glew.h">
      <Filter>Header Files</Filter>
    </ClInclude>
    <ClInclude Include="src\include\GL\glxew.h">
      <Filter>Header Files</Filter>
    </ClInclude>
    <ClInclude Include="src\include\GL\wglew.h">
      <Filter>Header Files</Filter>
    </ClInclude>
    <ClInclude Include="src\include\RmlUi\Controls\Lua\Controls.h">
      <Filter>Header Files</Filter>
    </ClInclude>
    <ClInclude Include="src\include\RmlUi\Controls\Lua\Header.h">
      <Filter>Header Files</Filter>
    </ClInclude>
    <ClInclude Include="src\include\RmlUi\Controls\Controls.h">
      <Filter>Header Files</Filter>
    </ClInclude>
    <ClInclude Include="src\include\RmlUi\Controls\DataFormatter.h">
      <Filter>Header Files</Filter>
    </ClInclude>
    <ClInclude Include="src\include\RmlUi\Controls\DataQuery.h">
      <Filter>Header Files</Filter>
    </ClInclude>
    <ClInclude Include="src\include\RmlUi\Controls\DataSource.h">
      <Filter>Header Files</Filter>
    </ClInclude>
    <ClInclude Include="src\include\RmlUi\Controls\DataSourceListener.h">
      <Filter>Header Files</Filter>
    </ClInclude>
    <ClInclude Include="src\include\RmlUi\Controls\ElementDataGrid.h">
      <Filter>Header Files</Filter>
    </ClInclude>
    <ClInclude Include="src\include\RmlUi\Controls\ElementDataGridCell.h">
      <Filter>Header Files</Filter>
    </ClInclude>
    <ClInclude Include="src\include\RmlUi\Controls\ElementDataGridExpandButton.h">
      <Filter>Header Files</Filter>
    </ClInclude>
    <ClInclude Include="src\include\RmlUi\Controls\ElementDataGridRow.h">
      <Filter>Header Files</Filter>
    </ClInclude>
    <ClInclude Include="src\include\RmlUi\Controls\ElementForm.h">
      <Filter>Header Files</Filter>
    </ClInclude>
    <ClInclude Include="src\include\RmlUi\Controls\ElementFormControl.h">
      <Filter>Header Files</Filter>
    </ClInclude>
    <ClInclude Include="src\include\RmlUi\Controls\ElementFormControlDataSelect.h">
      <Filter>Header Files</Filter>
    </ClInclude>
    <ClInclude Include="src\include\RmlUi\Controls\ElementFormControlInput.h">
      <Filter>Header Files</Filter>
    </ClInclude>
    <ClInclude Include="src\include\RmlUi\Controls\ElementFormControlSelect.h">
      <Filter>Header Files</Filter>
    </ClInclude>
    <ClInclude Include="src\include\RmlUi\Controls\ElementFormControlTextArea.h">
      <Filter>Header Files</Filter>
    </ClInclude>
    <ClInclude Include="src\include\RmlUi\Controls\ElementProgressBar.h">
      <Filter>Header Files</Filter>
    </ClInclude>
    <ClInclude Include="src\include\RmlUi\Controls\ElementTabSet.h">
      <Filter>Header Files</Filter>
    </ClInclude>
    <ClInclude Include="src\include\RmlUi\Controls\Header.h">
      <Filter>Header Files</Filter>
    </ClInclude>
    <ClInclude Include="src\include\RmlUi\Controls\SelectOption.h">
      <Filter>Header Files</Filter>
    </ClInclude>
    <ClInclude Include="src\include\RmlUi\Core\Containers\chobo\flat_map.hpp">
      <Filter>Header Files</Filter>
    </ClInclude>
    <ClInclude Include="src\include\RmlUi\Core\Containers\chobo\flat_set.hpp">
      <Filter>Header Files</Filter>
    </ClInclude>
    <ClInclude Include="src\include\RmlUi\Core\Containers\robin_hood.h">
      <Filter>Header Files</Filter>
    </ClInclude>
    <ClInclude Include="src\include\RmlUi\Core\Lua\Header.h">
      <Filter>Header Files</Filter>
    </ClInclude>
    <ClInclude Include="src\include\RmlUi\Core\Lua\Interpreter.h">
      <Filter>Header Files</Filter>
    </ClInclude>
    <ClInclude Include="src\include\RmlUi\Core\Lua\lua.hpp">
      <Filter>Header Files</Filter>
    </ClInclude>
    <ClInclude Include="src\include\RmlUi\Core\Lua\LuaType.h">
      <Filter>Header Files</Filter>
    </ClInclude>
    <ClInclude Include="src\include\RmlUi\Core\Lua\Utilities.h">
      <Filter>Header Files</Filter>
    </ClInclude>
    <ClInclude Include="src\include\RmlUi\Core\Animation.h">
      <Filter>Header Files</Filter>
    </ClInclude>
    <ClInclude Include="src\include\RmlUi\Core\BaseXMLParser.h">
      <Filter>Header Files</Filter>
    </ClInclude>
    <ClInclude Include="src\include\RmlUi\Core\Box.h">
      <Filter>Header Files</Filter>
    </ClInclude>
    <ClInclude Include="src\include\RmlUi\Core\Colour.h">
      <Filter>Header Files</Filter>
    </ClInclude>
    <ClInclude Include="src\include\RmlUi\Core\ComputedValues.h">
      <Filter>Header Files</Filter>
    </ClInclude>
    <ClInclude Include="src\include\RmlUi\Core\Context.h">
      <Filter>Header Files</Filter>
    </ClInclude>
    <ClInclude Include="src\include\RmlUi\Core\ContextInstancer.h">
      <Filter>Header Files</Filter>
    </ClInclude>
    <ClInclude Include="src\include\RmlUi\Core\ConvolutionFilter.h">
      <Filter>Header Files</Filter>
    </ClInclude>
    <ClInclude Include="src\include\RmlUi\Core\Core.h">
      <Filter>Header Files</Filter>
    </ClInclude>
    <ClInclude Include="src\include\RmlUi\Core\Debug.h">
      <Filter>Header Files</Filter>
    </ClInclude>
    <ClInclude Include="src\include\RmlUi\Core\Decorator.h">
      <Filter>Header Files</Filter>
    </ClInclude>
    <ClInclude Include="src\include\RmlUi\Core\DecoratorInstancer.h">
      <Filter>Header Files</Filter>
    </ClInclude>
    <ClInclude Include="src\include\RmlUi\Core\Dictionary.h">
      <Filter>Header Files</Filter>
    </ClInclude>
    <ClInclude Include="src\include\RmlUi\Core\Element.h">
      <Filter>Header Files</Filter>
    </ClInclude>
    <ClInclude Include="src\include\RmlUi\Core\ElementDocument.h">
      <Filter>Header Files</Filter>
    </ClInclude>
    <ClInclude Include="src\include\RmlUi\Core\ElementInstancer.h">
      <Filter>Header Files</Filter>
    </ClInclude>
    <ClInclude Include="src\include\RmlUi\Core\ElementScroll.h">
      <Filter>Header Files</Filter>
    </ClInclude>
    <ClInclude Include="src\include\RmlUi\Core\ElementText.h">
      <Filter>Header Files</Filter>
    </ClInclude>
    <ClInclude Include="src\include\RmlUi\Core\ElementUtilities.h">
      <Filter>Header Files</Filter>
    </ClInclude>
    <ClInclude Include="src\include\RmlUi\Core\Event.h">
      <Filter>Header Files</Filter>
    </ClInclude>
    <ClInclude Include="src\include\RmlUi\Core\EventInstancer.h">
      <Filter>Header Files</Filter>
    </ClInclude>
    <ClInclude Include="src\include\RmlUi\Core\EventListener.h">
      <Filter>Header Files</Filter>
    </ClInclude>
    <ClInclude Include="src\include\RmlUi\Core\EventListenerInstancer.h">
      <Filter>Header Files</Filter>
    </ClInclude>
    <ClInclude Include="src\include\RmlUi\Core\Factory.h">
      <Filter>Header Files</Filter>
    </ClInclude>
    <ClInclude Include="src\include\RmlUi\Core\FileInterface.h">
      <Filter>Header Files</Filter>
    </ClInclude>
    <ClInclude Include="src\include\RmlUi\Core\FontEffect.h">
      <Filter>Header Files</Filter>
    </ClInclude>
    <ClInclude Include="src\include\RmlUi\Core\FontEffectInstancer.h">
      <Filter>Header Files</Filter>
    </ClInclude>
    <ClInclude Include="src\include\RmlUi\Core\FontEngineInterface.h">
      <Filter>Header Files</Filter>
    </ClInclude>
    <ClInclude Include="src\include\RmlUi\Core\FontGlyph.h">
      <Filter>Header Files</Filter>
    </ClInclude>
    <ClInclude Include="src\include\RmlUi\Core\Geometry.h">
      <Filter>Header Files</Filter>
    </ClInclude>
    <ClInclude Include="src\include\RmlUi\Core\GeometryUtilities.h">
      <Filter>Header Files</Filter>
    </ClInclude>
    <ClInclude Include="src\include\RmlUi\Core\Header.h">
      <Filter>Header Files</Filter>
    </ClInclude>
    <ClInclude Include="src\include\RmlUi\Core\ID.h">
      <Filter>Header Files</Filter>
    </ClInclude>
    <ClInclude Include="src\include\RmlUi\Core\Input.h">
      <Filter>Header Files</Filter>
    </ClInclude>
    <ClInclude Include="src\include\RmlUi\Core\Log.h">
      <Filter>Header Files</Filter>
    </ClInclude>
    <ClInclude Include="src\include\RmlUi\Core\Math.h">
      <Filter>Header Files</Filter>
    </ClInclude>
    <ClInclude Include="src\include\RmlUi\Core\MathTypes.h">
      <Filter>Header Files</Filter>
    </ClInclude>
    <ClInclude Include="src\include\RmlUi\Core\Matrix4.h">
      <Filter>Header Files</Filter>
    </ClInclude>
    <ClInclude Include="src\include\RmlUi\Core\ObserverPtr.h">
      <Filter>Header Files</Filter>
    </ClInclude>
    <ClInclude Include="src\include\RmlUi\Core\Platform.h">
      <Filter>Header Files</Filter>
    </ClInclude>
    <ClInclude Include="src\include\RmlUi\Core\Plugin.h">
      <Filter>Header Files</Filter>
    </ClInclude>
    <ClInclude Include="src\include\RmlUi\Core\Profiling.h">
      <Filter>Header Files</Filter>
    </ClInclude>
    <ClInclude Include="src\include\RmlUi\Core\PropertiesIteratorView.h">
      <Filter>Header Files</Filter>
    </ClInclude>
    <ClInclude Include="src\include\RmlUi\Core\Property.h">
      <Filter>Header Files</Filter>
    </ClInclude>
    <ClInclude Include="src\include\RmlUi\Core\PropertyDefinition.h">
      <Filter>Header Files</Filter>
    </ClInclude>
    <ClInclude Include="src\include\RmlUi\Core\PropertyDictionary.h">
      <Filter>Header Files</Filter>
    </ClInclude>
    <ClInclude Include="src\include\RmlUi\Core\PropertyIdSet.h">
      <Filter>Header Files</Filter>
    </ClInclude>
    <ClInclude Include="src\include\RmlUi\Core\PropertyParser.h">
      <Filter>Header Files</Filter>
    </ClInclude>
    <ClInclude Include="src\include\RmlUi\Core\PropertySpecification.h">
      <Filter>Header Files</Filter>
    </ClInclude>
    <ClInclude Include="src\include\RmlUi\Core\RenderInterface.h">
      <Filter>Header Files</Filter>
    </ClInclude>
    <ClInclude Include="src\include\RmlUi\Core\ScriptInterface.h">
      <Filter>Header Files</Filter>
    </ClInclude>
    <ClInclude Include="src\include\RmlUi\Core\Spritesheet.h">
      <Filter>Header Files</Filter>
    </ClInclude>
    <ClInclude Include="src\include\RmlUi\Core\Stream.h">
      <Filter>Header Files</Filter>
    </ClInclude>
    <ClInclude Include="src\include\RmlUi\Core\StreamMemory.h">
      <Filter>Header Files</Filter>
    </ClInclude>
    <ClInclude Include="src\include\RmlUi\Core\StringUtilities.h">
      <Filter>Header Files</Filter>
    </ClInclude>
    <ClInclude Include="src\include\RmlUi\Core\StyleSheet.h">
      <Filter>Header Files</Filter>
    </ClInclude>
    <ClInclude Include="src\include\RmlUi\Core\StyleSheetSpecification.h">
      <Filter>Header Files</Filter>
    </ClInclude>
    <ClInclude Include="src\include\RmlUi\Core\SystemInterface.h">
      <Filter>Header Files</Filter>
    </ClInclude>
    <ClInclude Include="src\include\RmlUi\Core\Texture.h">
      <Filter>Header Files</Filter>
    </ClInclude>
    <ClInclude Include="src\include\RmlUi\Core\Traits.h">
      <Filter>Header Files</Filter>
    </ClInclude>
    <ClInclude Include="src\include\RmlUi\Core\Transform.h">
      <Filter>Header Files</Filter>
    </ClInclude>
    <ClInclude Include="src\include\RmlUi\Core\TransformPrimitive.h">
      <Filter>Header Files</Filter>
    </ClInclude>
    <ClInclude Include="src\include\RmlUi\Core\TransformState.h">
      <Filter>Header Files</Filter>
    </ClInclude>
    <ClInclude Include="src\include\RmlUi\Core\Tween.h">
      <Filter>Header Files</Filter>
    </ClInclude>
    <ClInclude Include="src\include\RmlUi\Core\TypeConverter.h">
      <Filter>Header Files</Filter>
    </ClInclude>
    <ClInclude Include="src\include\RmlUi\Core\Types.h">
      <Filter>Header Files</Filter>
    </ClInclude>
    <ClInclude Include="src\include\RmlUi\Core\URL.h">
      <Filter>Header Files</Filter>
    </ClInclude>
    <ClInclude Include="src\include\RmlUi\Core\Variant.h">
      <Filter>Header Files</Filter>
    </ClInclude>
    <ClInclude Include="src\include\RmlUi\Core\Vector2.h">
      <Filter>Header Files</Filter>
    </ClInclude>
    <ClInclude Include="src\include\RmlUi\Core\Vector3.h">
      <Filter>Header Files</Filter>
    </ClInclude>
    <ClInclude Include="src\include\RmlUi\Core\Vector4.h">
      <Filter>Header Files</Filter>
    </ClInclude>
    <ClInclude Include="src\include\RmlUi\Core\Vertex.h">
      <Filter>Header Files</Filter>
    </ClInclude>
    <ClInclude Include="src\include\RmlUi\Core\XMLNodeHandler.h">
      <Filter>Header Files</Filter>
    </ClInclude>
    <ClInclude Include="src\include\RmlUi\Core\XMLParser.h">
      <Filter>Header Files</Filter>
    </ClInclude>
    <ClInclude Include="src\include\RmlUi\Debugger\Debugger.h">
      <Filter>Header Files</Filter>
    </ClInclude>
    <ClInclude Include="src\include\RmlUi\Debugger\Header.h">
      <Filter>Header Files</Filter>
    </ClInclude>
    <ClInclude Include="src\include\RmlUi\SDL2Integration\RenderInterfaceSDL2.h">
      <Filter>Header Files</Filter>
    </ClInclude>
    <ClInclude Include="src\include\RmlUi\SDL2Integration\SystemInterfaceSDL2.h">
      <Filter>Header Files</Filter>
    </ClInclude>
    <ClInclude Include="src\include\RmlUi\Controls.h">
      <Filter>Header Files</Filter>
    </ClInclude>
    <ClInclude Include="src\include\RmlUi\Core.h">
      <Filter>Header Files</Filter>
    </ClInclude>
    <ClInclude Include="src\include\RmlUi\Debugger.h">
      <Filter>Header Files</Filter>
    </ClInclude>
    <ClInclude Include="src\include\shell\win32\IncludeWindows.h">
      <Filter>Header Files</Filter>
    </ClInclude>
    <ClInclude Include="src\include\shell\win32\InputWin32.h">
      <Filter>Header Files</Filter>
    </ClInclude>
    <ClInclude Include="src\include\shell\Input.h">
      <Filter>Header Files</Filter>
    </ClInclude>
    <ClInclude Include="src\include\shell\precompiled.h">
      <Filter>Header Files</Filter>
    </ClInclude>
    <ClInclude Include="src\include\shell\Shell.h">
      <Filter>Header Files</Filter>
    </ClInclude>
    <ClInclude Include="src\include\shell\ShellFileInterface.h">
      <Filter>Header Files</Filter>
    </ClInclude>
    <ClInclude Include="src\include\shell\ShellOpenGL.h">
      <Filter>Header Files</Filter>
    </ClInclude>
    <ClInclude Include="src\include\shell\ShellRenderInterfaceExtensions.h">
      <Filter>Header Files</Filter>
    </ClInclude>
    <ClInclude Include="src\include\shell\ShellRenderInterfaceOpenGL.h">
      <Filter>Header Files</Filter>
    </ClInclude>
    <ClInclude Include="src\include\shell\ShellSystemInterface.h">
      <Filter>Header Files</Filter>
    </ClInclude>
    <ClInclude Include="src\include\SDL2\SDL_image.h">
      <Filter>Header Files</Filter>
    </ClInclude>
    <ClInclude Include="src\include\SDL2\SDL_ttf.h">
      <Filter>Header Files</Filter>
    </ClInclude>
    <ClInclude Include="src\include\AudioBeatSDL\RmlEventListener.hpp">
      <Filter>Header Files</Filter>
    </ClInclude>
  </ItemGroup>
  <ItemGroup>
    <Library Include="lib\SDL2test.lib" />
    <Library Include="lib\SDL2main.lib" />
    <Library Include="lib\SDL2.lib" />
    <Library Include="lib\gainput-d.lib" />
    <Library Include="lib\enkiTS.lib" />
    <Library Include="lib\fmodL_vc.lib" />
    <Library Include="lib\fmod_vc.lib" />
    <Library Include="lib\SDL2_ttf.lib" />
    <Library Include="lib\SDL2_image.lib" />
    <Library Include="lib\RmlDebugger.lib" />
    <Library Include="lib\RmlCore.lib" />
    <Library Include="lib\RmlControls.lib" />
    <Library Include="lib\glew32s.lib" />
    <Library Include="lib\glew32.lib" />
    <Library Include="lib\freetype.lib" />
  </ItemGroup>
  <ItemGroup>
    <Image Include="logo\logo.ico">
      <Filter>Resource Files</Filter>
    </Image>
    <Image Include="logo\logo.png">
      <Filter>Resource Files</Filter>
    </Image>
    <Image Include="assets\img\bgTest.png">
      <Filter>Resource Files</Filter>
    </Image>
    <Image Include="assets\img\menuBackground.png">
      <Filter>Resource Files</Filter>
    </Image>
    <Image Include="assets\img\menuBackgroundRescaled.png">
      <Filter>Resource Files</Filter>
    </Image>
  </ItemGroup>
  <ItemGroup>
    <ResourceCompile Include="OnBeat.rc">
      <Filter>Resource Files</Filter>
    </ResourceCompile>
  </ItemGroup>
  <ItemGroup>
    <Font Include="assets\fonts\Walkway UltraExpand.ttf" />
    <Font Include="assets\fonts\Walkway Expand Black.ttf" />
  </ItemGroup>
</Project>